Microsoft Visual Studio Solution File, Format Version 12.00
# Visual Studio Version 18
VisualStudioVersion = 18.3.11206.111 d18.3
MinimumVisualStudioVersion = 10.0.40219.1
Project("{FAE04EC0-301F-11D3-BF4B-00C04F79EFBC}") = "OnlyExe_STPortScanner", "OnlyExe_STPortScanner.csproj", "{39D8FEE4-EE8F-4048-AE15-43D2DE5A2295}"
EndProject
Global
	GlobalSection(SolutionConfigurationPlatforms) = preSolution
		Debug|Any CPU = Debug|Any CPU
		Release|Any CPU = Release|Any CPU
	EndGlobalSection
	GlobalSection(ProjectConfigurationPlatforms) = postSolution
		{39D8FEE4-EE8F-4048-AE15-43D2DE5A2295}.Debug|Any CPU.ActiveCfg = Debug|Any CPU
		{39D8FEE4-EE8F-4048-AE15-43D2DE5A2295}.Debug|Any CPU.Build.0 = Debug|Any CPU
		{39D8FEE4-EE8F-4048-AE15-43D2DE5A2295}.Release|Any CPU.ActiveCfg = Release|Any CPU
		{39D8FEE4-EE8F-4048-AE15-43D2DE5A2295}.Release|Any CPU.Build.0 = Release|Any CPU
	EndGlobalSection
	GlobalSection(SolutionProperties) = preSolution
		HideSolutionNode = FALSE
	EndGlobalSection
	GlobalSection(ExtensibilityGlobals) = postSolution
		SolutionGuid = {D9473490-BC2D-45BE-9DF8-7C644910BB0C}
	EndGlobalSection
EndGlobal
